
Microsoft Visual Studio Solution File, Format Version 12.00
# Visual Studio Version 17
VisualStudioVersion = 17.11.35431.28
MinimumVisualStudioVersion = 10.0.40219.1
Project("{FAE04EC0-301F-11D3-BF4B-00C04F79EFBC}") = "C#while循环输入多个数据判断", "C#while循环输入多个数据判断.csproj", "{472CAC3D-64A3-4926-899A-C85F8BAC634E}"
EndProject
Global
	GlobalSection(SolutionConfigurationPlatforms) = preSolution
		Debug|Any CPU = Debug|Any CPU
		Release|Any CPU = Release|Any CPU
	EndGlobalSection
	GlobalSection(ProjectConfigurationPlatforms) = postSolution
		{472CAC3D-64A3-4926-899A-C85F8BAC634E}.Debug|Any CPU.ActiveCfg = Debug|Any CPU
		{472CAC3D-64A3-4926-899A-C85F8BAC634E}.Debug|Any CPU.Build.0 = Debug|Any CPU
		{472CAC3D-64A3-4926-899A-C85F8BAC634E}.Release|Any CPU.ActiveCfg = Release|Any CPU
		{472CAC3D-64A3-4926-899A-C85F8BAC634E}.Release|Any CPU.Build.0 = Release|Any CPU
	EndGlobalSection
	GlobalSection(SolutionProperties) = preSolution
		HideSolutionNode = FALSE
	EndGlobalSection
	GlobalSection(ExtensibilityGlobals) = postSolution
		SolutionGuid = {02C14725-6285-42C6-B80F-939EB870D46C}
	EndGlobalSection
EndGlobal
