
Microsoft Visual Studio Solution File, Format Version 12.00
# Visual Studio Version 17
VisualStudioVersion = 17.11.35431.28
MinimumVisualStudioVersion = 10.0.40219.1
Project("{FAE04EC0-301F-11D3-BF4B-00C04F79EFBC}") = "C#输入一个非零整数判断是正数还是负数并输出绝对值", "C#输入一个非零整数判断是正数还是负数并输出绝对值.csproj", "{63C421CD-D713-4C33-A0E5-BFF90E22022E}"
EndProject
Global
	GlobalSection(SolutionConfigurationPlatforms) = preSolution
		Debug|Any CPU = Debug|Any CPU
		Release|Any CPU = Release|Any CPU
	EndGlobalSection
	GlobalSection(ProjectConfigurationPlatforms) = postSolution
		{63C421CD-D713-4C33-A0E5-BFF90E22022E}.Debug|Any CPU.ActiveCfg = Debug|Any CPU
		{63C421CD-D713-4C33-A0E5-BFF90E22022E}.Debug|Any CPU.Build.0 = Debug|Any CPU
		{63C421CD-D713-4C33-A0E5-BFF90E22022E}.Release|Any CPU.ActiveCfg = Release|Any CPU
		{63C421CD-D713-4C33-A0E5-BFF90E22022E}.Release|Any CPU.Build.0 = Release|Any CPU
	EndGlobalSection
	GlobalSection(SolutionProperties) = preSolution
		HideSolutionNode = FALSE
	EndGlobalSection
	GlobalSection(ExtensibilityGlobals) = postSolution
		SolutionGuid = {8F43926A-22CC-490E-B2EF-23027F867338}
	EndGlobalSection
EndGlobal
