
Microsoft Visual Studio Solution File, Format Version 12.00
# Visual Studio Version 17
VisualStudioVersion = 17.11.35431.28
MinimumVisualStudioVersion = 10.0.40219.1
Project("{FAE04EC0-301F-11D3-BF4B-00C04F79EFBC}") = "C#sharpswitch", "C#sharpswitch.csproj", "{0566FBC3-F042-472D-B779-40DE6A498A7E}"
EndProject
Global
	GlobalSection(SolutionConfigurationPlatforms) = preSolution
		Debug|Any CPU = Debug|Any CPU
		Release|Any CPU = Release|Any CPU
	EndGlobalSection
	GlobalSection(ProjectConfigurationPlatforms) = postSolution
		{0566FBC3-F042-472D-B779-40DE6A498A7E}.Debug|Any CPU.ActiveCfg = Debug|Any CPU
		{0566FBC3-F042-472D-B779-40DE6A498A7E}.Debug|Any CPU.Build.0 = Debug|Any CPU
		{0566FBC3-F042-472D-B779-40DE6A498A7E}.Release|Any CPU.ActiveCfg = Release|Any CPU
		{0566FBC3-F042-472D-B779-40DE6A498A7E}.Release|Any CPU.Build.0 = Release|Any CPU
	EndGlobalSection
	GlobalSection(SolutionProperties) = preSolution
		HideSolutionNode = FALSE
	EndGlobalSection
	GlobalSection(ExtensibilityGlobals) = postSolution
		SolutionGuid = {D1D2432F-FBBE-4A2C-B4D7-8881E16FB1D8}
	EndGlobalSection
EndGlobal
