
Microsoft Visual Studio Solution File, Format Version 12.00
# Visual Studio Version 17
VisualStudioVersion = 17.11.35431.28
MinimumVisualStudioVersion = 10.0.40219.1
Project("{FAE04EC0-301F-11D3-BF4B-00C04F79EFBC}") = "C#判断是几位数并倒序输出", "C#判断是几位数并倒序输出.csproj", "{71BF6D3D-D00A-43D5-9FD0-D7D204AE67FF}"
EndProject
Global
	GlobalSection(SolutionConfigurationPlatforms) = preSolution
		Debug|Any CPU = Debug|Any CPU
		Release|Any CPU = Release|Any CPU
	EndGlobalSection
	GlobalSection(ProjectConfigurationPlatforms) = postSolution
		{71BF6D3D-D00A-43D5-9FD0-D7D204AE67FF}.Debug|Any CPU.ActiveCfg = Debug|Any CPU
		{71BF6D3D-D00A-43D5-9FD0-D7D204AE67FF}.Debug|Any CPU.Build.0 = Debug|Any CPU
		{71BF6D3D-D00A-43D5-9FD0-D7D204AE67FF}.Release|Any CPU.ActiveCfg = Release|Any CPU
		{71BF6D3D-D00A-43D5-9FD0-D7D204AE67FF}.Release|Any CPU.Build.0 = Release|Any CPU
	EndGlobalSection
	GlobalSection(SolutionProperties) = preSolution
		HideSolutionNode = FALSE
	EndGlobalSection
	GlobalSection(ExtensibilityGlobals) = postSolution
		SolutionGuid = {1CFD1B57-EB72-4F28-B94C-24084C61C960}
	EndGlobalSection
EndGlobal
