
Microsoft Visual Studio Solution File, Format Version 12.00
# Visual Studio Version 17
VisualStudioVersion = 17.11.35431.28
MinimumVisualStudioVersion = 10.0.40219.1
Project("{FAE04EC0-301F-11D3-BF4B-00C04F79EFBC}") = "C#while循环每年增加25%,第几年达到目标", "C#while循环每年增加25%,第几年达到目标.csproj", "{73AC5B97-C49A-42A8-8407-1CB291FF2492}"
EndProject
Global
	GlobalSection(SolutionConfigurationPlatforms) = preSolution
		Debug|Any CPU = Debug|Any CPU
		Release|Any CPU = Release|Any CPU
	EndGlobalSection
	GlobalSection(ProjectConfigurationPlatforms) = postSolution
		{73AC5B97-C49A-42A8-8407-1CB291FF2492}.Debug|Any CPU.ActiveCfg = Debug|Any CPU
		{73AC5B97-C49A-42A8-8407-1CB291FF2492}.Debug|Any CPU.Build.0 = Debug|Any CPU
		{73AC5B97-C49A-42A8-8407-1CB291FF2492}.Release|Any CPU.ActiveCfg = Release|Any CPU
		{73AC5B97-C49A-42A8-8407-1CB291FF2492}.Release|Any CPU.Build.0 = Release|Any CPU
	EndGlobalSection
	GlobalSection(SolutionProperties) = preSolution
		HideSolutionNode = FALSE
	EndGlobalSection
	GlobalSection(ExtensibilityGlobals) = postSolution
		SolutionGuid = {AADA276F-6716-4732-93CF-93449CDD8CC0}
	EndGlobalSection
EndGlobal
