
Microsoft Visual Studio Solution File, Format Version 12.00
# Visual Studio Version 17
VisualStudioVersion = 17.11.35431.28
MinimumVisualStudioVersion = 10.0.40219.1
Project("{FAE04EC0-301F-11D3-BF4B-00C04F79EFBC}") = "C#不用函数只用格式转换保留两位小数", "C#不用函数只用格式转换保留两位小数.csproj", "{451BD17C-E59E-4007-9280-6108699D833B}"
EndProject
Global
	GlobalSection(SolutionConfigurationPlatforms) = preSolution
		Debug|Any CPU = Debug|Any CPU
		Release|Any CPU = Release|Any CPU
	EndGlobalSection
	GlobalSection(ProjectConfigurationPlatforms) = postSolution
		{451BD17C-E59E-4007-9280-6108699D833B}.Debug|Any CPU.ActiveCfg = Debug|Any CPU
		{451BD17C-E59E-4007-9280-6108699D833B}.Debug|Any CPU.Build.0 = Debug|Any CPU
		{451BD17C-E59E-4007-9280-6108699D833B}.Release|Any CPU.ActiveCfg = Release|Any CPU
		{451BD17C-E59E-4007-9280-6108699D833B}.Release|Any CPU.Build.0 = Release|Any CPU
	EndGlobalSection
	GlobalSection(SolutionProperties) = preSolution
		HideSolutionNode = FALSE
	EndGlobalSection
	GlobalSection(ExtensibilityGlobals) = postSolution
		SolutionGuid = {8F8E25DF-A24A-4B38-8900-3E74761346FC}
	EndGlobalSection
EndGlobal
