
Microsoft Visual Studio Solution File, Format Version 12.00
# Visual Studio Version 17
VisualStudioVersion = 17.11.35431.28
MinimumVisualStudioVersion = 10.0.40219.1
Project("{FAE04EC0-301F-11D3-BF4B-00C04F79EFBC}") = "C#体测if语句嵌套", "C#体测if语句嵌套.csproj", "{C18DAD34-2017-45FF-9EC3-CF73A5B180A4}"
EndProject
Global
	GlobalSection(SolutionConfigurationPlatforms) = preSolution
		Debug|Any CPU = Debug|Any CPU
		Release|Any CPU = Release|Any CPU
	EndGlobalSection
	GlobalSection(ProjectConfigurationPlatforms) = postSolution
		{C18DAD34-2017-45FF-9EC3-CF73A5B180A4}.Debug|Any CPU.ActiveCfg = Debug|Any CPU
		{C18DAD34-2017-45FF-9EC3-CF73A5B180A4}.Debug|Any CPU.Build.0 = Debug|Any CPU
		{C18DAD34-2017-45FF-9EC3-CF73A5B180A4}.Release|Any CPU.ActiveCfg = Release|Any CPU
		{C18DAD34-2017-45FF-9EC3-CF73A5B180A4}.Release|Any CPU.Build.0 = Release|Any CPU
	EndGlobalSection
	GlobalSection(SolutionProperties) = preSolution
		HideSolutionNode = FALSE
	EndGlobalSection
	GlobalSection(ExtensibilityGlobals) = postSolution
		SolutionGuid = {9BE414B8-422F-49DD-8637-79BE799B325E}
	EndGlobalSection
EndGlobal
